
Microsoft Visual Studio Solution File, Format Version 12.00
# Visual Studio Version 17
VisualStudioVersion = 17.7.34031.279
MinimumVisualStudioVersion = 10.0.40219.1
Project("{9A19103F-16F7-4668-BE54-9A1E7A4F7556}") = "MyPWA", "MyPWA.csproj", "{4CA5EF7E-A134-419C-A782-A4688B3C3D10}"
	ProjectSection(ProjectDependencies) = postProject
		{153476C3-3020-4025-8D97-8A78FF400B21} = {153476C3-3020-4025-8D97-8A78FF400B21}
	EndProjectSection
EndProject
Project("{9A19103F-16F7-4668-BE54-9A1E7A4F7556}") = "Server", "..\FenstermonitoringAPI\Server.csproj", "{153476C3-3020-4025-8D97-8A78FF400B21}"
EndProject
Global
	GlobalSection(SolutionConfigurationPlatforms) = preSolution
		Debug|Any CPU = Debug|Any CPU
		Release|Any CPU = Release|Any CPU
	EndGlobalSection
	GlobalSection(ProjectConfigurationPlatforms) = postSolution
		{4CA5EF7E-A134-419C-A782-A4688B3C3D10}.Debug|Any CPU.ActiveCfg = Debug|Any CPU
		{4CA5EF7E-A134-419C-A782-A4688B3C3D10}.Debug|Any CPU.Build.0 = Debug|Any CPU
		{4CA5EF7E-A134-419C-A782-A4688B3C3D10}.Release|Any CPU.ActiveCfg = Release|Any CPU
		{4CA5EF7E-A134-419C-A782-A4688B3C3D10}.Release|Any CPU.Build.0 = Release|Any CPU
		{153476C3-3020-4025-8D97-8A78FF400B21}.Debug|Any CPU.ActiveCfg = Debug|Any CPU
		{153476C3-3020-4025-8D97-8A78FF400B21}.Debug|Any CPU.Build.0 = Debug|Any CPU
		{153476C3-3020-4025-8D97-8A78FF400B21}.Release|Any CPU.ActiveCfg = Release|Any CPU
		{153476C3-3020-4025-8D97-8A78FF400B21}.Release|Any CPU.Build.0 = Release|Any CPU
	EndGlobalSection
	GlobalSection(SolutionProperties) = preSolution
		HideSolutionNode = FALSE
	EndGlobalSection
	GlobalSection(ExtensibilityGlobals) = postSolution
		SolutionGuid = {F7172229-7CA3-4C4A-A217-87CB8F3E6F7C}
	EndGlobalSection
EndGlobal
